// !$*UTF8*$!
{
	archiveVersion = 1;
	classes = {
	};
	objectVersion = 56;
	objects = {

/* Begin PBXBuildFile section */
		56B8AA76296ABFD000C35B0C /* AppDelegate.swift in Sources */ = {isa = PBXBuildFile; fileRef = 56B8AA75296ABFD000C35B0C /* AppDelegate.swift */; };
		56B8AA78296ABFD000C35B0C /* SceneDelegate.swift in Sources */ = {isa = PBXBuildFile; fileRef = 56B8AA77296ABFD000C35B0C /* SceneDelegate.swift */; };
		56B8AA7A296ABFD000C35B0C /* ViewController.swift in Sources */ = {isa = PBXBuildFile; fileRef = 56B8AA79296ABFD000C35B0C /* ViewController.swift */; };
		56B8AA7F296ABFD100C35B0C /* Assets.xcassets in Resources */ = {isa = PBXBuildFile; fileRef = 56B8AA7E296ABFD100C35B0C /* Assets.xcassets */; };
		56B8AA82296ABFD100C35B0C /* LaunchScreen.storyboard in Resources */ = {isa = PBXBuildFile; fileRef = 56B8AA80296ABFD100C35B0C /* LaunchScreen.storyboard */; };
		56B8AA8A296AC0C900C35B0C /* GameOfLife.swift in Sources */ = {isa = PBXBuildFile; fileRef = 56B8AA89296AC0C900C35B0C /* GameOfLife.swift */; };
		56B8AA8C296AC61E00C35B0C /* GameScene.swift in Sources */ = {isa = PBXBuildFile; fileRef = 56B8AA8B296AC61E00C35B0C /* GameScene.swift */; };
/* End PBXBuildFile section */

/* Begin PBXFileReference section */
		56B8AA72296ABFD000C35B0C /* GameOfLifeUIKit.app */ = {isa = PBXFileReference; explicitFileType = wrapper.application; includeInIndex = 0; path = GameOfLifeUIKit.app; sourceTree = BUILT_PRODUCTS_DIR; };
		56B8AA75296ABFD000C35B0C /* AppDelegate.swift */ = {isa = PBXFileReference; lastKnownFileType = sourcecode.swift; path = AppDelegate.swift; sourceTree = "<group>"; };
		56B8AA77296ABFD000C35B0C /* SceneDelegate.swift */ = {isa = PBXFileReference; lastKnownFileType = sourcecode.swift; path = SceneDelegate.swift; sourceTree = "<group>"; };
		56B8AA79296ABFD000C35B0C /* ViewController.swift */ = {isa = PBXFileReference; lastKnownFileType = sourcecode.swift; path = ViewController.swift; sourceTree = "<group>"; };
		56B8AA7E296ABFD100C35B0C /* Assets.xcassets */ = {isa = PBXFileReference; lastKnownFileType = folder.assetcatalog; path = Assets.xcassets; sourceTree = "<group>"; };
		56B8AA81296ABFD100C35B0C /* Base */ = {isa = PBXFileReference; lastKnownFileType = file.storyboard; name = Base; path = Base.lproj/LaunchScreen.storyboard; sourceTree = "<group>"; };
		56B8AA83296ABFD100C35B0C /* Info.plist */ = {isa = PBXFileReference; lastKnownFileType = text.plist.xml; path = Info.plist; sourceTree = "<group>"; };
		56B8AA89296AC0C900C35B0C /* GameOfLife.swift */ = {isa = PBXFileReference; lastKnownFileType = sourcecode.swift; path = GameOfLife.swift; sourceTree = "<group>"; };
		56B8AA8B296AC61E00C35B0C /* GameScene.swift */ = {isa = PBXFileReference; lastKnownFileType = sourcecode.swift; path = GameScene.swift; sourceTree = "<group>"; };
/* End PBXFileReference section */

/* Begin PBXFrameworksBuildPhase section */
		56B8AA6F296ABFD000C35B0C /* Frameworks */ = {
			isa = PBXFrameworksBuildPhase;
			buildActionMask = 2147483647;
			files = (
			);
			runOnlyForDeploymentPostprocessing = 0;
		};
/* End PBXFrameworksBuildPhase section */

/* Begin PBXGroup section */
		56B8AA69296ABFD000C35B0C = {
			isa = PBXGroup;
			children = (
				56B8AA74296ABFD000C35B0C /* GameOfLifeUIKit */,
				56B8AA73296ABFD000C35B0C /* Products */,
			);
			sourceTree = "<group>";
		};
		56B8AA73296ABFD000C35B0C /* Products */ = {
			isa = PBXGroup;
			children = (
				56B8AA72296ABFD000C35B0C /* GameOfLifeUIKit.app */,
			);
			name = Products;
			sourceTree = "<group>";
		};
		56B8AA74296ABFD000C35B0C /* GameOfLifeUIKit */ = {
			isa = PBXGroup;
			children = (
				56B8AA75296ABFD000C35B0C /* AppDelegate.swift */,
				56B8AA77296ABFD000C35B0C /* SceneDelegate.swift */,
				56B8AA8F296AC97200C35B0C /* Model */,
				56B8AA8D296AC94600C35B0C /* View */,
				56B8AA8E296AC94E00C35B0C /* ViewModel */,
				56B8AA7E296ABFD100C35B0C /* Assets.xcassets */,
				56B8AA80296ABFD100C35B0C /* LaunchScreen.storyboard */,
				56B8AA83296ABFD100C35B0C /* Info.plist */,
			);
			path = GameOfLifeUIKit;
			sourceTree = "<group>";
		};
		56B8AA8D296AC94600C35B0C /* View */ = {
			isa = PBXGroup;
			children = (
				56B8AA79296ABFD000C35B0C /* ViewController.swift */,
			);
			path = View;
			sourceTree = "<group>";
		};
		56B8AA8E296AC94E00C35B0C /* ViewModel */ = {
			isa = PBXGroup;
			children = (
				56B8AA8B296AC61E00C35B0C /* GameScene.swift */,
			);
			path = ViewModel;
			sourceTree = "<group>";
		};
		56B8AA8F296AC97200C35B0C /* Model */ = {
			isa = PBXGroup;
			children = (
				56B8AA89296AC0C900C35B0C /* GameOfLife.swift */,
			);
			path = Model;
			sourceTree = "<group>";
		};
/* End PBXGroup section */

/* Begin PBXNativeTarget section */
		56B8AA71296ABFD000C35B0C /* GameOfLifeUIKit */ = {
			isa = PBXNativeTarget;
			buildConfigurationList = 56B8AA86296ABFD100C35B0C /* Build configuration list for PBXNativeTarget "GameOfLifeUIKit" */;
			buildPhases = (
				56B8AA6E296ABFD000C35B0C /* Sources */,
				56B8AA6F296ABFD000C35B0C /* Frameworks */,
				56B8AA70296ABFD000C35B0C /* Resources */,
			);
			buildRules = (
			);
			dependencies = (
			);
			name = GameOfLifeUIKit;
			productName = GameOfLifeUIKit;
			productReference = 56B8AA72296ABFD000C35B0C /* GameOfLifeUIKit.app */;
			productType = "com.apple.product-type.application";
		};
/* End PBXNativeTarget section */

/* Begin PBXProject section */
		56B8AA6A296ABFD000C35B0C /* Project object */ = {
			isa = PBXProject;
			attributes = {
				BuildIndependentTargetsInParallel = 1;
				LastSwiftUpdateCheck = 1410;
				LastUpgradeCheck = 1410;
				TargetAttributes = {
					56B8AA71296ABFD000C35B0C = {
						CreatedOnToolsVersion = 14.1;
					};
				};
			};
			buildConfigurationList = 56B8AA6D296ABFD000C35B0C /* Build configuration list for PBXProject "GameOfLifeUIKit" */;
			compatibilityVersion = "Xcode 14.0";
			developmentRegion = en;
			hasScannedForEncodings = 0;
			knownRegions = (
				en,
				Base,
			);
			mainGroup = 56B8AA69296ABFD000C35B0C;
			productRefGroup = 56B8AA73296ABFD000C35B0C /* Products */;
			projectDirPath = "";
			projectRoot = "";
			targets = (
				56B8AA71296ABFD000C35B0C /* GameOfLifeUIKit */,
			);
		};
/* End PBXProject section */

/* Begin PBXResourcesBuildPhase section */
		56B8AA70296ABFD000C35B0C /* Resources */ = {
			isa = PBXResourcesBuildPhase;
			buildActionMask = 2147483647;
			files = (
				56B8AA82296ABFD100C35B0C /* LaunchScreen.storyboard in Resources */,
				56B8AA7F296ABFD100C35B0C /* Assets.xcassets in Resources */,
			);
			runOnlyForDeploymentPostprocessing = 0;
		};
/* End PBXResourcesBuildPhase section */

/* Begin PBXSourcesBuildPhase section */
		56B8AA6E296ABFD000C35B0C /* Sources */ = {
			isa = PBXSourcesBuildPhase;
			buildActionMask = 2147483647;
			files = (
				56B8AA8C296AC61E00C35B0C /* GameScene.swift in Sources */,
				56B8AA7A296ABFD000C35B0C /* ViewController.swift in Sources */,
				56B8AA76296ABFD000C35B0C /* AppDelegate.swift in Sources */,
				56B8AA8A296AC0C900C35B0C /* GameOfLife.swift in Sources */,
				56B8AA78296ABFD000C35B0C /* SceneDelegate.swift in Sources */,
			);
			runOnlyForDeploymentPostprocessing = 0;
		};
/* End PBXSourcesBuildPhase section */

/* Begin PBXVariantGroup section */
		56B8AA80296ABFD100C35B0C /* LaunchScreen.storyboard */ = {
			isa = PBXVariantGroup;
			children = (
				56B8AA81296ABFD100C35B0C /* Base */,
			);
			name = LaunchScreen.storyboard;
			sourceTree = "<group>";
		};
/* End PBXVariantGroup section */

/* Begin XCBuildConfiguration section */
		56B8AA84296ABFD100C35B0C /* Debug */ = {
			isa = XCBuildConfiguration;
			buildSettings = {
				ALWAYS_SEARCH_USER_PATHS = NO;
				CLANG_ANALYZER_NONNULL = YES;
				CLANG_ANALYZER_NUMBER_OBJECT_CONVERSION = YES_AGGRESSIVE;
				CLANG_CXX_LANGUAGE_STANDARD = "gnu++20";
				CLANG_ENABLE_MODULES = YES;
				CLANG_ENABLE_OBJC_ARC = YES;
				CLANG_ENABLE_OBJC_WEAK = YES;
				CLANG_WARN_BLOCK_CAPTURE_AUTORELEASING = YES;
				CLANG_WARN_BOOL_CONVERSION = YES;
				CLANG_WARN_COMMA = YES;
				CLANG_WARN_CONSTANT_CONVERSION = YES;
				CLANG_WARN_DEPRECATED_OBJC_IMPLEMENTATIONS = YES;
				CLANG_WARN_DIRECT_OBJC_ISA_USAGE = YES_ERROR;
				CLANG_WARN_DOCUMENTATION_COMMENTS = YES;
				CLANG_WARN_EMPTY_BODY = YES;
				CLANG_WARN_ENUM_CONVERSION = YES;
				CLANG_WARN_INFINITE_RECURSION = YES;
				CLANG_WARN_INT_CONVERSION = YES;
				CLANG_WARN_NON_LITERAL_NULL_CONVERSION = YES;
				CLANG_WARN_OBJC_IMPLICIT_RETAIN_SELF = YES;
				CLANG_WARN_OBJC_LITERAL_CONVERSION = YES;
				CLANG_WARN_OBJC_ROOT_CLASS = YES_ERROR;
				CLANG_WARN_QUOTED_INCLUDE_IN_FRAMEWORK_HEADER = YES;
				CLANG_WARN_RANGE_LOOP_ANALYSIS = YES;
				CLANG_WARN_STRICT_PROTOTYPES = YES;
				CLANG_WARN_SUSPICIOUS_MOVE = YES;
				CLANG_WARN_UNGUARDED_AVAILABILITY = YES_AGGRESSIVE;
				CLANG_WARN_UNREACHABLE_CODE = YES;
				CLANG_WARN__DUPLICATE_METHOD_MATCH = YES;
				COPY_PHASE_STRIP = NO;
				DEBUG_INFORMATION_FORMAT = dwarf;
				ENABLE_STRICT_OBJC_MSGSEND = YES;
				ENABLE_TESTABILITY = YES;
				GCC_C_LANGUAGE_STANDARD = gnu11;
				GCC_DYNAMIC_NO_PIC = NO;
				GCC_NO_COMMON_BLOCKS = YES;
				GCC_OPTIMIZATION_LEVEL = 0;
				GCC_PREPROCESSOR_DEFINITIONS = (
					"DEBUG=1",
					"$(inherited)",
				);
				GCC_WARN_64_TO_32_BIT_CONVERSION = YES;
				GCC_WARN_ABOUT_RETURN_TYPE = YES_ERROR;
				GCC_WARN_UNDECLARED_SELECTOR = YES;
				GCC_WARN_UNINITIALIZED_AUTOS = YES_AGGRESSIVE;
				GCC_WARN_UNUSED_FUNCTION = YES;
				GCC_WARN_UNUSED_VARIABLE = YES;
				IPHONEOS_DEPLOYMENT_TARGET = 16.1;
				MTL_ENABLE_DEBUG_INFO = INCLUDE_SOURCE;
				MTL_FAST_MATH = YES;
				ONLY_ACTIVE_ARCH = YES;
				SDKROOT = iphoneos;
				SWIFT_ACTIVE_COMPILATION_CONDITIONS = DEBUG;
				SWIFT_OPTIMIZATION_LEVEL = "-Onone";
			};
			name = Debug;
		};
		56B8AA85296ABFD100C35B0C /* Release */ = {
			isa = XCBuildConfiguration;
			buildSettings = {
				ALWAYS_SEARCH_USER_PATHS = NO;
				CLANG_ANALYZER_NONNULL = YES;
				CLANG_ANALYZER_NUMBER_OBJECT_CONVERSION = YES_AGGRESSIVE;
				CLANG_CXX_LANGUAGE_STANDARD = "gnu++20";
				CLANG_ENABLE_MODULES = YES;
				CLANG_ENABLE_OBJC_ARC = YES;
				CLANG_ENABLE_OBJC_WEAK = YES;
				CLANG_WARN_BLOCK_CAPTURE_AUTORELEASING = YES;
				CLANG_WARN_BOOL_CONVERSION = YES;
				CLANG_WARN_COMMA = YES;
				CLANG_WARN_CONSTANT_CONVERSION = YES;
				CLANG_WARN_DEPRECATED_OBJC_IMPLEMENTATIONS = YES;
				CLANG_WARN_DIRECT_OBJC_ISA_USAGE = YES_ERROR;
				CLANG_WARN_DOCUMENTATION_COMMENTS = YES;
				CLANG_WARN_EMPTY_BODY = YES;
				CLANG_WARN_ENUM_CONVERSION = YES;
				CLANG_WARN_INFINITE_RECURSION = YES;
				CLANG_WARN_INT_CONVERSION = YES;
				CLANG_WARN_NON_LITERAL_NULL_CONVERSION = YES;
				CLANG_WARN_OBJC_IMPLICIT_RETAIN_SELF = YES;
				CLANG_WARN_OBJC_LITERAL_CONVERSION = YES;
				CLANG_WARN_OBJC_ROOT_CLASS = YES_ERROR;
				CLANG_WARN_QUOTED_INCLUDE_IN_FRAMEWORK_HEADER = YES;
				CLANG_WARN_RANGE_LOOP_ANALYSIS = YES;
				CLANG_WARN_STRICT_PROTOTYPES = YES;
				CLANG_WARN_SUSPICIOUS_MOVE = YES;
				CLANG_WARN_UNGUARDED_AVAILABILITY = YES_AGGRESSIVE;
				CLANG_WARN_UNREACHABLE_CODE = YES;
				CLANG_WARN__DUPLICATE_METHOD_MATCH = YES;
				COPY_PHASE_STRIP = NO;
				DEBUG_INFORMATION_FORMAT = "dwarf-with-dsym";
				ENABLE_NS_ASSERTIONS = NO;
				ENABLE_STRICT_OBJC_MSGSEND = YES;
				GCC_C_LANGUAGE_STANDARD = gnu11;
				GCC_NO_COMMON_BLOCKS = YES;
				GCC_WARN_64_TO_32_BIT_CONVERSION = YES;
				GCC_WARN_ABOUT_RETURN_TYPE = YES_ERROR;
				GCC_WARN_UNDECLARED_SELECTOR = YES;
				GCC_WARN_UNINITIALIZED_AUTOS = YES_AGGRESSIVE;
				GCC_WARN_UNUSED_FUNCTION = YES;
				GCC_WARN_UNUSED_VARIABLE = YES;
				IPHONEOS_DEPLOYMENT_TARGET = 16.1;
				MTL_ENABLE_DEBUG_INFO = NO;
				MTL_FAST_MATH = YES;
				SDKROOT = iphoneos;
				SWIFT_COMPILATION_MODE = wholemodule;
				SWIFT_OPTIMIZATION_LEVEL = "-O";
				VALIDATE_PRODUCT = YES;
			};
			name = Release;
		};
		56B8AA87296ABFD100C35B0C /* Debug */ = {
			isa = XCBuildConfiguration;
			buildSettings = {
				ASSETCATALOG_COMPILER_APPICON_NAME = AppIcon;
				ASSETCATALOG_COMPILER_GLOBAL_ACCENT_COLOR_NAME = AccentColor;
				CODE_SIGN_STYLE = Automatic;
				CURRENT_PROJECT_VERSION = 1;
				DEVELOPMENT_TEAM = RNMX67996D;
				GENERATE_INFOPLIST_FILE = YES;
				INFOPLIST_FILE = GameOfLifeUIKit/Info.plist;
				INFOPLIST_KEY_UIApplicationSupportsIndirectInputEvents = YES;
				INFOPLIST_KEY_UILaunchStoryboardName = LaunchScreen;
				INFOPLIST_KEY_UISupportedInterfaceOrientations_iPad = "UIInterfaceOrientationPortrait UIInterfaceOrientationPortraitUpsideDown UIInterfaceOrientationLandscapeLeft UIInterfaceOrientationLandscapeRight";
				INFOPLIST_KEY_UISupportedInterfaceOrientations_iPhone = "UIInterfaceOrientationPortrait UIInterfaceOrientationLandscapeLeft UIInterfaceOrientationLandscapeRight";
				IPHONEOS_DEPLOYMENT_TARGET = 13.0;
				LD_RUNPATH_SEARCH_PATHS = (
					"$(inherited)",
					"@executable_path/Frameworks",
				);
				MARKETING_VERSION = 1.0;
				PRODUCT_BUNDLE_IDENTIFIER = com.asf.GameOfLifeUIKit;
				PRODUCT_NAME = "$(TARGET_NAME)";
				SWIFT_EMIT_LOC_STRINGS = YES;
				SWIFT_VERSION = 5.0;
				TARGETED_DEVICE_FAMILY = "1,2";
			};
			name = Debug;
		};
		56B8AA88296ABFD100C35B0C /* Release */ = {
			isa = XCBuildConfiguration;
			buildSettings = {
				ASSETCATALOG_COMPILER_APPICON_NAME = AppIcon;
				ASSETCATALOG_COMPILER_GLOBAL_ACCENT_COLOR_NAME = AccentColor;
				CODE_SIGN_STYLE = Automatic;
				CURRENT_PROJECT_VERSION = 1;
				DEVELOPMENT_TEAM = RNMX67996D;
				GENERATE_INFOPLIST_FILE = YES;
				INFOPLIST_FILE = GameOfLifeUIKit/Info.plist;
				INFOPLIST_KEY_UIApplicationSupportsIndirectInputEvents = YES;
				INFOPLIST_KEY_UILaunchStoryboardName = LaunchScreen;
				INFOPLIST_KEY_UISupportedInterfaceOrientations_iPad = "UIInterfaceOrientationPortrait UIInterfaceOrientationPortraitUpsideDown UIInterfaceOrientationLandscapeLeft UIInterfaceOrientationLandscapeRight";
				INFOPLIST_KEY_UISupportedInterfaceOrientations_iPhone = "UIInterfaceOrientationPortrait UIInterfaceOrientationLandscapeLeft UIInterfaceOrientationLandscapeRight";
				IPHONEOS_DEPLOYMENT_TARGET = 13.0;
				LD_RUNPATH_SEARCH_PATHS = (
					"$(inherited)",
					"@executable_path/Frameworks",
				);
				MARKETING_VERSION = 1.0;
				PRODUCT_BUNDLE_IDENTIFIER = com.asf.GameOfLifeUIKit;
				PRODUCT_NAME = "$(TARGET_NAME)";
				SWIFT_EMIT_LOC_STRINGS = YES;
				SWIFT_VERSION = 5.0;
				TARGETED_DEVICE_FAMILY = "1,2";
			};
			name = Release;
		};
/* End XCBuildConfiguration section */

/* Begin XCConfigurationList section */
		56B8AA6D296ABFD000C35B0C /* Build configuration list for PBXProject "GameOfLifeUIKit" */ = {
			isa = XCConfigurationList;
			buildConfigurations = (
				56B8AA84296ABFD100C35B0C /* Debug */,
				56B8AA85296ABFD100C35B0C /* Release */,
			);
			defaultConfigurationIsVisible = 0;
			defaultConfigurationName = Release;
		};
		56B8AA86296ABFD100C35B0C /* Build configuration list for PBXNativeTarget "GameOfLifeUIKit" */ = {
			isa = XCConfigurationList;
			buildConfigurations = (
				56B8AA87296ABFD100C35B0C /* Debug */,
				56B8AA88296ABFD100C35B0C /* Release */,
			);
			defaultConfigurationIsVisible = 0;
			defaultConfigurationName = Release;
		};
/* End XCConfigurationList section */
	};
	rootObject = 56B8AA6A296ABFD000C35B0C /* Project object */;
}
